
Microsoft Visual Studio Solution File, Format Version 12.00
# Visual Studio Version 16
VisualStudioVersion = 16.0.31702.278
MinimumVisualStudioVersion = 10.0.40219.1
Project("{9A19103F-16F7-4668-BE54-9A1E7A4F7556}") = "CDR-API", "CDR-BIP\CDR-API.csproj", "{3407DC27-CE63-4480-84F4-35E9D6A812C2}"
EndProject
Project("{FAE04EC0-301F-11D3-BF4B-00C04F79EFBC}") = "CDR-Tests", "CDR-Tests\CDR-Tests.csproj", "{6A1AAD4D-0924-4CD9-843A-C093E8CED904}"
EndProject
Global
	GlobalSection(SolutionConfigurationPlatforms) = preSolution
		Debug|Any CPU = Debug|Any CPU
		Release|Any CPU = Release|Any CPU
	EndGlobalSection
	GlobalSection(ProjectConfigurationPlatforms) = postSolution
		{3407DC27-CE63-4480-84F4-35E9D6A812C2}.Debug|Any CPU.ActiveCfg = Debug|Any CPU
		{3407DC27-CE63-4480-84F4-35E9D6A812C2}.Debug|Any CPU.Build.0 = Debug|Any CPU
		{3407DC27-CE63-4480-84F4-35E9D6A812C2}.Release|Any CPU.ActiveCfg = Release|Any CPU
		{3407DC27-CE63-4480-84F4-35E9D6A812C2}.Release|Any CPU.Build.0 = Release|Any CPU
		{6A1AAD4D-0924-4CD9-843A-C093E8CED904}.Debug|Any CPU.ActiveCfg = Debug|Any CPU
		{6A1AAD4D-0924-4CD9-843A-C093E8CED904}.Debug|Any CPU.Build.0 = Debug|Any CPU
		{6A1AAD4D-0924-4CD9-843A-C093E8CED904}.Release|Any CPU.ActiveCfg = Release|Any CPU
		{6A1AAD4D-0924-4CD9-843A-C093E8CED904}.Release|Any CPU.Build.0 = Release|Any CPU
	EndGlobalSection
	GlobalSection(SolutionProperties) = preSolution
		HideSolutionNode = FALSE
	EndGlobalSection
	GlobalSection(ExtensibilityGlobals) = postSolution
		SolutionGuid = {6172C114-419B-447D-BAC4-91D1C5A4E7D9}
	EndGlobalSection
EndGlobal
